
Microsoft Visual Studio Solution File, Format Version 12.00
# Visual Studio 15
VisualStudioVersion = 15.0.28307.1062
MinimumVisualStudioVersion = 10.0.40219.1
Project("{FAE04EC0-301F-11D3-BF4B-00C04F79EFBC}") = "BlackJackJohanFinal", "BlackJackJohanFinal\BlackJackJohanFinal.csproj", "{23E52F86-02C7-4192-809F-F93655A13CFE}"
EndProject
Global
	GlobalSection(SolutionConfigurationPlatforms) = preSolution
		Debug|Any CPU = Debug|Any CPU
		Release|Any CPU = Release|Any CPU
	EndGlobalSection
	GlobalSection(ProjectConfigurationPlatforms) = postSolution
		{23E52F86-02C7-4192-809F-F93655A13CFE}.Debug|Any CPU.ActiveCfg = Debug|Any CPU
		{23E52F86-02C7-4192-809F-F93655A13CFE}.Debug|Any CPU.Build.0 = Debug|Any CPU
		{23E52F86-02C7-4192-809F-F93655A13CFE}.Release|Any CPU.ActiveCfg = Release|Any CPU
		{23E52F86-02C7-4192-809F-F93655A13CFE}.Release|Any CPU.Build.0 = Release|Any CPU
	EndGlobalSection
	GlobalSection(SolutionProperties) = preSolution
		HideSolutionNode = FALSE
	EndGlobalSection
	GlobalSection(ExtensibilityGlobals) = postSolution
		SolutionGuid = {8045143C-0451-4926-9193-158E421DC0B1}
	EndGlobalSection
EndGlobal
